
Microsoft Visual Studio Solution File, Format Version 12.00
# Visual Studio Version 17
VisualStudioVersion = 17.6.33829.357
MinimumVisualStudioVersion = 10.0.40219.1
Project("{FAE04EC0-301F-11D3-BF4B-00C04F79EFBC}") = "Calculator", "Calculator\Calculator.csproj", "{EC528BE1-7E7E-4935-9557-99C854C813FE}"
EndProject
Project("{FAE04EC0-301F-11D3-BF4B-00C04F79EFBC}") = "Food", "Food\Food.csproj", "{24F63F08-4619-4325-B147-7C2B70C28505}"
EndProject
Global
	GlobalSection(SolutionConfigurationPlatforms) = preSolution
		Debug|Any CPU = Debug|Any CPU
		Release|Any CPU = Release|Any CPU
	EndGlobalSection
	GlobalSection(ProjectConfigurationPlatforms) = postSolution
		{EC528BE1-7E7E-4935-9557-99C854C813FE}.Debug|Any CPU.ActiveCfg = Debug|Any CPU
		{EC528BE1-7E7E-4935-9557-99C854C813FE}.Debug|Any CPU.Build.0 = Debug|Any CPU
		{EC528BE1-7E7E-4935-9557-99C854C813FE}.Release|Any CPU.ActiveCfg = Release|Any CPU
		{EC528BE1-7E7E-4935-9557-99C854C813FE}.Release|Any CPU.Build.0 = Release|Any CPU
		{24F63F08-4619-4325-B147-7C2B70C28505}.Debug|Any CPU.ActiveCfg = Debug|Any CPU
		{24F63F08-4619-4325-B147-7C2B70C28505}.Debug|Any CPU.Build.0 = Debug|Any CPU
		{24F63F08-4619-4325-B147-7C2B70C28505}.Release|Any CPU.ActiveCfg = Release|Any CPU
		{24F63F08-4619-4325-B147-7C2B70C28505}.Release|Any CPU.Build.0 = Release|Any CPU
	EndGlobalSection
	GlobalSection(SolutionProperties) = preSolution
		HideSolutionNode = FALSE
	EndGlobalSection
	GlobalSection(ExtensibilityGlobals) = postSolution
		SolutionGuid = {7D228B2A-EA62-4379-BFB4-F6E105A9DC88}
	EndGlobalSection
EndGlobal
